Microsoft Visual Studio Solution File, Format Version 12.00
# Visual Studio Version 17
VisualStudioVersion = 17.5.2.0
MinimumVisualStudioVersion = 10.0.40219.1
Project("{FAE04EC0-301F-11D3-BF4B-00C04F79EFBC}") = "ASPNET-PROJECT", "ASPNET-PROJECT.csproj", "{98076787-D666-353C-56EC-FED6BDF371BF}"
EndProject
Global
	GlobalSection(SolutionConfigurationPlatforms) = preSolution
		Debug|Any CPU = Debug|Any CPU
		Release|Any CPU = Release|Any CPU
	EndGlobalSection
	GlobalSection(ProjectConfigurationPlatforms) = postSolution
		{98076787-D666-353C-56EC-FED6BDF371BF}.Debug|Any CPU.ActiveCfg = Debug|Any CPU
		{98076787-D666-353C-56EC-FED6BDF371BF}.Debug|Any CPU.Build.0 = Debug|Any CPU
		{98076787-D666-353C-56EC-FED6BDF371BF}.Release|Any CPU.ActiveCfg = Release|Any CPU
		{98076787-D666-353C-56EC-FED6BDF371BF}.Release|Any CPU.Build.0 = Release|Any CPU
	EndGlobalSection
	GlobalSection(SolutionProperties) = preSolution
		HideSolutionNode = FALSE
	EndGlobalSection
	GlobalSection(ExtensibilityGlobals) = postSolution
		SolutionGuid = {5F2759B7-58ED-4C71-9FE6-0C28BA95401C}
	EndGlobalSection
EndGlobal
